# THIS IS AN AUTOGENERATED FILE. DO NOT EDIT THIS FILE DIRECTLY.
# yarn lockfile v1


"@angular/cdk@^11.0.2":
  version "11.2.13"
  resolved "https://registry.npmmirror.com/@angular/cdk/-/cdk-11.2.13.tgz#d54c9187e3b8cf3f8ba190b1edddc08ed2b740de"
  integrity sha512-FkE4iCwoLbQxLDUOjV1I7M/6hmpyb7erAjEdWgch7nGRNxF1hqX5Bqf1lvLFKPNCbx5NRI5K7YVAdIUQUR8vug==
  dependencies:
    tslib "^2.0.0"
  optionalDependencies:
    parse5 "^5.0.0"

"@ant-design/colors@^5.0.0":
  version "5.1.1"
  resolved "https://registry.npmmirror.com/@ant-design/colors/-/colors-5.1.1.tgz#800b2186b1e27e66432e67d03ed96af3e21d8940"
  integrity sha512-Txy4KpHrp3q4XZdfgOBqLl+lkQIc3tEvHXOimRN1giX1AEC7mGtyrO9p8iRGJ3FLuVMGa2gNEzQyghVymLttKQ==
  dependencies:
    "@ctrl/tinycolor" "^3.3.1"

"@ant-design/icons-angular@^11.0.1":
  version "11.0.1"
  resolved "https://registry.npmmirror.com/@ant-design/icons-angular/-/icons-angular-11.0.1.tgz#8ff3131f3d9b4b25fd28c64c4a9bdfe36da54942"
  integrity sha512-WwxVx/aToxTjWmB5+O+3rOjSYdF8FC/Yd/8jF1ZGQMtLWAzP8/foQmKvPAktTUsh0/Ijhtur7LrHN2VuUedMcA==
  dependencies:
    "@ant-design/colors" "^5.0.0"
    tslib "^2.0.0"

"@ctrl/tinycolor@^3.3.1":
  version "3.4.1"
  resolved "https://registry.npmmirror.com/@ctrl/tinycolor/-/tinycolor-3.4.1.tgz#75b4c27948c81e88ccd3a8902047bcd797f38d32"
  integrity sha512-ej5oVy6lykXsvieQtqZxCOaLT+xD4+QNarq78cIYISHmZXshCvROLudpQN3lfL8G0NL7plMSSK+zlyvCaIJ4Iw==

"@delon/acl@PEER-0.0.0-PLACEHOLDER":
  version "11.6.0"
  resolved "https://registry.npmmirror.com/@delon/acl/-/acl-11.6.0.tgz#765dd7cb232da95ec79deacce78e30dfb90ea025"
  integrity sha512-NpHdWrGOV2OiQC5MdXiYdtfFV+OBLTWMzIEKEDXVHJrE2yoJc/3ngboRoiddHeqPQiZY+4KoedEz9lEeTl8pXA==
  dependencies:
    "@delon/util" "^11.6.0"
    tslib "^2.0.0"

"@delon/acl@^11.6.0":
  version "11.10.4"
  resolved "https://registry.npmmirror.com/@delon/acl/-/acl-11.10.4.tgz#6ce7db0bb6ec555dc467270786f4725bd54ad6a7"
  integrity sha512-TKjtWfYmov0ujs3vtVbfij1YM86pvZ51kD8OsxnNCZXRc7CRO9eQDXz6ATW3nf+cSG9/ByY4xrbZjFnXDvDt2A==
  dependencies:
    "@delon/util" "^11.10.4"
    tslib "^2.0.0"

"@delon/theme@PEER-0.0.0-PLACEHOLDER":
  version "11.6.0"
  resolved "https://registry.npmmirror.com/@delon/theme/-/theme-11.6.0.tgz#3feeac8944d443858417d95d2a4a8289066d64ba"
  integrity sha512-H3c5+o5XceKTlX7JzT/wsBT78tq3aq6XKBaBVc64pupoVi8jdldsTm4W07kSzsO7RRciqnMwmt9zJwQXLRHJYg==
  dependencies:
    "@delon/acl" "^11.6.0"
    "@delon/util" "^11.6.0"
    ng-zorro-antd "~11.1.0"
    tslib "^2.0.0"

"@delon/util@PEER-0.0.0-PLACEHOLDER":
  version "11.6.0"
  resolved "https://registry.npmmirror.com/@delon/util/-/util-11.6.0.tgz#a5581a758eb4c290c9c596ac9c1786aca1d71441"
  integrity sha512-r7sNiWmdrHTDnDQDxdROrWVl3AVVf93MOJt7KHSAmxKQmqBx2fwKLe47sSeIsYHxiRzdaVRMvUSgVw9u9nFIPg==
  dependencies:
    extend "^3.0.2"
    tslib "^2.0.0"

"@delon/util@^11.10.4", "@delon/util@^11.6.0":
  version "11.10.4"
  resolved "https://registry.npmmirror.com/@delon/util/-/util-11.10.4.tgz#ac8e6121c8c1d5e961d19c29f0285d569cbaf4fc"
  integrity sha512-7XrJE3mg0fKayjPbuu4qpfcpSwOC+jZY2mDgKszzRGjCKVsCTCMJxjqLty48Yz5JHAxzsaQXCG0Qm6rWLUy3xQ==
  dependencies:
    extend "^3.0.2"
    tslib "^2.0.0"

"@types/jszip@@LIB-PLACEHOLDER":
  version "3.4.1"
  resolved "https://registry.npmmirror.com/@types/jszip/-/jszip-3.4.1.tgz#e7a4059486e494c949ef750933d009684227846f"
  integrity sha512-TezXjmf3lj+zQ651r6hPqvSScqBLvyPI9FxdXBqpEwBijNGQ2NXpaFW/7joGzveYkKQUil7iiDHLo6LV71Pc0A==
  dependencies:
    jszip "*"

adler-32@~1.3.0:
  version "1.3.1"
  resolved "https://registry.npmmirror.com/adler-32/-/adler-32-1.3.1.tgz#1dbf0b36dda0012189a32b3679061932df1821e2"
  integrity sha512-ynZ4w/nUUv5rrsR8UUGoe1VC9hZj6V5hU9Qw1HlMDJGEJw5S7TfTErWTjMys6M7vr0YWcPqs3qAr4ss0nDfP+A==

cfb@~1.2.1:
  version "1.2.2"
  resolved "https://registry.npmmirror.com/cfb/-/cfb-1.2.2.tgz#94e687628c700e5155436dac05f74e08df23bc44"
  integrity sha512-KfdUZsSOw19/ObEWasvBP/Ac4reZvAGauZhs6S/gqNhXhI7cKwvlH7ulj+dOEYnca4bm4SGo8C1bTAQvnTjgQA==
  dependencies:
    adler-32 "~1.3.0"
    crc-32 "~1.2.0"

codepage@~1.15.0:
  version "1.15.0"
  resolved "https://registry.npmmirror.com/codepage/-/codepage-1.15.0.tgz#2e00519024b39424ec66eeb3ec07227e692618ab"
  integrity sha512-3g6NUTPd/YtuuGrhMnOMRjFc+LJw/bnMp3+0r/Wcz3IXUuCosKRJvMphm5+Q+bvTVGcJJuRvVLuYba+WojaFaA==

core-util-is@~1.0.0:
  version "1.0.3"
  resolved "https://registry.npmmirror.com/core-util-is/-/core-util-is-1.0.3.tgz#a6042d3634c2b27e9328f837b965fac83808db85"
  integrity sha512-ZQBvi1DcpJ4GDqanjucZ2Hj3wEO5pZDS89BWbkcrvdxksJorwUDDZamX9ldFkp9aw2lmBDLgkObEA4DWNJ9FYQ==

crc-32@~1.2.0, crc-32@~1.2.1:
  version "1.2.2"
  resolved "https://registry.npmmirror.com/crc-32/-/crc-32-1.2.2.tgz#3cad35a934b8bf71f25ca524b6da51fb7eace2ff"
  integrity sha512-ROmzCKrTnOwybPcJApAA6WBWij23HVfGVNKqqrZpuyZOHqK2CwHSvpGuyt/UNNvaIjEd8X5IFGp4Mh+Ie1IHJQ==

date-fns@^2.10.0:
  version "2.28.0"
  resolved "https://registry.npmmirror.com/date-fns/-/date-fns-2.28.0.tgz#9570d656f5fc13143e50c975a3b6bbeb46cd08b2"
  integrity sha512-8d35hViGYx/QH0icHYCeLmsLmMUheMmTyV9Fcm6gvNwdw31yXXH+O85sOBJ+OLnLQMKZowvpKb6FgMIQjcpvQw==

extend@^3.0.2:
  version "3.0.2"
  resolved "https://registry.npmmirror.com/extend/-/extend-3.0.2.tgz#f8b1136b4071fbd8eb140aff858b1019ec2915fa"
  integrity sha512-fjquC59cD7CyW6urNXK0FBufkZcoiGG80wTuPujX590cB5Ttln20E2UB4S/WARVqhXffZl2LNgS+gQdPIIim/g==

file-saver@@LIB-PLACEHOLDER:
  version "2.0.5"
  resolved "https://registry.npmmirror.com/file-saver/-/file-saver-2.0.5.tgz#d61cfe2ce059f414d899e9dd6d4107ee25670c38"
  integrity sha512-P9bmyZ3h/PRG+Nzga+rbdI4OEpNDzAVyy74uVO9ATgzLK6VtAsYybF/+TOCvrc0MO793d6+42lLyZTw7/ArVzA==

frac@~1.1.2:
  version "1.1.2"
  resolved "https://registry.npmmirror.com/frac/-/frac-1.1.2.tgz#3d74f7f6478c88a1b5020306d747dc6313c74d0b"
  integrity sha512-w/XBfkibaTl3YDqASwfDUqkna4Z2p9cFSr1aHDt0WoMTECnRfBOv2WArlZILlqgWlmdIlALXGpM2AOhEk5W3IA==

immediate@~3.0.5:
  version "3.0.6"
  resolved "https://registry.npmmirror.com/immediate/-/immediate-3.0.6.tgz#9db1dbd0faf8de6fbe0f5dd5e56bb606280de69b"
  integrity sha512-XXOFtyqDjNDAQxVfYxuF7g9Il/IbWmmlQg2MYKOH8ExIT1qg6xc4zyS3HaEEATgs1btfzxq15ciUiY7gjSXRGQ==

inherits@~2.0.3:
  version "2.0.4"
  resolved "https://registry.npmmirror.com/inherits/-/inherits-2.0.4.tgz#0fa2c64f932917c3433a0ded55363aae37416b7c"
  integrity sha512-k/vGaX4/Yla3WzyMCvTQOXYeIHvqOKtnqBduzTHpzpQZzAskKMhZ2K+EnBiSM9zGSoIFeMpXKxa4dYeZIQqewQ==

isarray@~1.0.0:
  version "1.0.0"
  resolved "https://registry.npmmirror.com/isarray/-/isarray-1.0.0.tgz#bb935d48582cba168c06834957a54a3e07124f11"
  integrity sha512-VLghIWNM6ELQzo7zwmcg0NmTVyWKYjvIeM83yjp0wRDTmUnrM678fQbcKBo6n2CJEF0szoG//ytg+TKla89ALQ==

isutf8@@LIB-PLACEHOLDER:
  version "4.0.0"
  resolved "https://registry.npmmirror.com/isutf8/-/isutf8-4.0.0.tgz#8b0061a96cf896faff3f086d7efa4ae93be8a872"
  integrity sha512-mJtsQGFfAphKdVuRitEpc0eon4v5fuaB6v9ZJIrLnIyybh02sIIwJ2RQbLMp6UICVCfquezllupZIVcqzGzCPg==

jszip@*:
  version "3.10.0"
  resolved "https://registry.npmmirror.com/jszip/-/jszip-3.10.0.tgz#faf3db2b4b8515425e34effcdbb086750a346061"
  integrity sha512-LDfVtOLtOxb9RXkYOwPyNBTQDL4eUbqahtoY6x07GiDJHwSYvn8sHHIw8wINImV3MqbMNve2gSuM1DDqEKk09Q==
  dependencies:
    lie "~3.3.0"
    pako "~1.0.2"
    readable-stream "~2.3.6"
    setimmediate "^1.0.5"

lie@~3.3.0:
  version "3.3.0"
  resolved "https://registry.npmmirror.com/lie/-/lie-3.3.0.tgz#dcf82dee545f46074daf200c7c1c5a08e0f40f6a"
  integrity sha512-UaiMJzeWRlEujzAuw5LokY1L5ecNQYZKfmyZ9L7wDHb/p5etKaxXhohBcrw0EYby+G/NA52vRSN4N39dxHAIwQ==
  dependencies:
    immediate "~3.0.5"

ng-zorro-antd@~11.1.0:
  version "11.1.0"
  resolved "https://registry.npmmirror.com/ng-zorro-antd/-/ng-zorro-antd-11.1.0.tgz#2b6f982fccc73749d2ba61e60220288e2fb80d3c"
  integrity sha512-3EMqRRM7Gc4OghfjmKtQxRV1dv0Mao2USNyokAPSxAXDhYVtMz+AJRVwf7bpnjxxzxe7RQU5GChGeNewUNmPBw==
  dependencies:
    "@angular/cdk" "^11.0.2"
    "@ant-design/icons-angular" "^11.0.1"
    date-fns "^2.10.0"
    resize-observer-polyfill "^1.5.1"
    tslib "^2.0.0"

ngx-countdown@@LIB-PLACEHOLDER:
  version "11.0.0"
  resolved "https://registry.npmmirror.com/ngx-countdown/-/ngx-countdown-11.0.0.tgz#c66cbd3472633e0104d4213971a30877c1f5245b"
  integrity sha512-1ACzAkYExshs24D2RkHjX2iyP1DPhegHkLvr7o8fVhHD+7p7X5Ww08lpg9gpYUxLjSsz/txKATPAozXEx4717g==
  dependencies:
    tslib "^2.0.0"

pako@~1.0.2:
  version "1.0.11"
  resolved "https://registry.npmmirror.com/pako/-/pako-1.0.11.tgz#6c9599d340d54dfd3946380252a35705a6b992bf"
  integrity sha512-4hLB8Py4zZce5s4yd9XzopqwVv/yGNhV1Bl8NTmCq1763HeK2+EwVTv+leGeL13Dnh2wfbqowVPXCIO0z4taYw==

parse5@^5.0.0:
  version "5.1.1"
  resolved "https://registry.npmmirror.com/parse5/-/parse5-5.1.1.tgz#f68e4e5ba1852ac2cadc00f4555fff6c2abb6178"
  integrity sha512-ugq4DFI0Ptb+WWjAdOK16+u/nHfiIrcE+sh8kZMaM0WllQKLI9rOUq6c2b7cwPkXdzfQESqvoqK6ug7U/Yyzug==

process-nextick-args@~2.0.0:
  version "2.0.1"
  resolved "https://registry.npmmirror.com/process-nextick-args/-/process-nextick-args-2.0.1.tgz#7820d9b16120cc55ca9ae7792680ae7dba6d7fe2"
  integrity sha512-3ouUOpQhtgrbOa17J7+uxOTpITYWaGP7/AhoR3+A+/1e9skrzelGi/dXzEYyvbxubEF6Wn2ypscTKiKJFFn1ag==

readable-stream@~2.3.6:
  version "2.3.7"
  resolved "https://registry.npmmirror.com/readable-stream/-/readable-stream-2.3.7.tgz#1eca1cf711aef814c04f62252a36a62f6cb23b57"
  integrity sha512-Ebho8K4jIbHAxnuxi7o42OrZgF/ZTNcsZj6nRKyUmkhLFq8CHItp/fy6hQZuZmP/n3yZ9VBUbp4zz/mX8hmYPw==
  dependencies:
    core-util-is "~1.0.0"
    inherits "~2.0.3"
    isarray "~1.0.0"
    process-nextick-args "~2.0.0"
    safe-buffer "~5.1.1"
    string_decoder "~1.1.1"
    util-deprecate "~1.0.1"

resize-observer-polyfill@^1.5.1:
  version "1.5.1"
  resolved "https://registry.npmmirror.com/resize-observer-polyfill/-/resize-observer-polyfill-1.5.1.tgz#0e9020dd3d21024458d4ebd27e23e40269810464"
  integrity sha512-LwZrotdHOo12nQuZlHEmtuXdqGoOD0OhaxopaNFxWzInpEgaLWoVuAMbTzixuosCx2nEG58ngzW3vxdWoxIgdg==

safe-buffer@~5.1.0, safe-buffer@~5.1.1:
  version "5.1.2"
  resolved "https://registry.npmmirror.com/safe-buffer/-/safe-buffer-5.1.2.tgz#991ec69d296e0313747d59bdfd2b745c35f8828d"
  integrity sha512-Gd2UZBJDkXlY7GbJxfsE8/nvKkUEU1G38c1siN6QP6a9PT9MmHB8GnpscSmMJSoF8LOIrt8ud/wPtojys4G6+g==

setimmediate@^1.0.5:
  version "1.0.5"
  resolved "https://registry.npmmirror.com/setimmediate/-/setimmediate-1.0.5.tgz#290cbb232e306942d7d7ea9b83732ab7856f8285"
  integrity sha512-MATJdZp8sLqDl/68LfQmbP8zKPLQNV6BIZoIgrscFDQ+RsvK/BxeDQOgyxKKoh0y/8h3BqVFnCqQ/gd+reiIXA==

ssf@~0.11.2:
  version "0.11.2"
  resolved "https://registry.npmmirror.com/ssf/-/ssf-0.11.2.tgz#0b99698b237548d088fc43cdf2b70c1a7512c06c"
  integrity sha512-+idbmIXoYET47hH+d7dfm2epdOMUDjqcB4648sTZ+t2JwoyBFL/insLfB/racrDmsKB3diwsDA696pZMieAC5g==
  dependencies:
    frac "~1.1.2"

string_decoder@~1.1.1:
  version "1.1.1"
  resolved "https://registry.npmmirror.com/string_decoder/-/string_decoder-1.1.1.tgz#9cf1611ba62685d7030ae9e4ba34149c3af03fc8"
  integrity sha512-n/ShnvDi6FHbbVfviro+WojiFzv+s8MPMHBczVePfUpDJLwoLT0ht1l4YwBCbi8pJAveEEdnkHyPyTP/mzRfwg==
  dependencies:
    safe-buffer "~5.1.0"

tslib@^2.0.0:
  version "2.4.0"
  resolved "https://registry.npmmirror.com/tslib/-/tslib-2.4.0.tgz#7cecaa7f073ce680a05847aa77be941098f36dc3"
  integrity sha512-d6xOpEDfsi2CZVlPQzGeux8XMwLT9hssAsaPYExaQMuYskwb+x1x7J371tWlbBdWHroy99KnVB6qIkUbs5X3UQ==

util-deprecate@~1.0.1:
  version "1.0.2"
  resolved "https://registry.npmmirror.com/util-deprecate/-/util-deprecate-1.0.2.tgz#450d4dc9fa70de732762fbd2d4a28981419a0ccf"
  integrity sha512-EPD5q1uXyFxJpCrLnCc1nHnq3gOa6DZBocAIiI2TaSCA7VCJ1UJDMagCzIkXNsUYfD1daK//LTEQ8xiIbrHtcw==

wmf@~1.0.1:
  version "1.0.2"
  resolved "https://registry.npmmirror.com/wmf/-/wmf-1.0.2.tgz#7d19d621071a08c2bdc6b7e688a9c435298cc2da"
  integrity sha512-/p9K7bEh0Dj6WbXg4JG0xvLQmIadrner1bi45VMJTfnbVHsc7yIajZyoSoK60/dtVBs12Fm6WkUI5/3WAVsNMw==

word@~0.3.0:
  version "0.3.0"
  resolved "https://registry.npmmirror.com/word/-/word-0.3.0.tgz#8542157e4f8e849f4a363a288992d47612db9961"
  integrity sha512-OELeY0Q61OXpdUfTp+oweA/vtLVg5VDOXh+3he3PNzLGG/y0oylSOC1xRVj0+l4vQ3tj/bB1HVHv1ocXkQceFA==

xlsx@@LIB-PLACEHOLDER:
  version "0.18.5"
  resolved "https://registry.npmmirror.com/xlsx/-/xlsx-0.18.5.tgz#16711b9113c848076b8a177022799ad356eba7d0"
  integrity sha512-dmg3LCjBPHZnQp5/F/+nnTa+miPJxUXB6vtk42YjBBKayDNagxGEeIdWApkYPOf3Z3pm3k62Knjzp7lMeTEtFQ==
  dependencies:
    adler-32 "~1.3.0"
    cfb "~1.2.1"
    codepage "~1.15.0"
    crc-32 "~1.2.1"
    ssf "~0.11.2"
    wmf "~1.0.1"
    word "~0.3.0"
